{
  "nodes": {
    "devenv": {
      "locked": {
        "dir": "src/modules",
        "lastModified": 1768133288,
        "owner": "cachix",
        "repo": "devenv",
        "rev": "b3d5f5d2fe88b78341ea30fec4fd5ae1a3a3c214",
        "type": "github"
      },
      "original": {
        "dir": "src/modules",
        "owner": "cachix",
        "repo": "devenv",
        "type": "github"
      }
    },
    "devenv-module-devcontainer": {
      "flake": false,
      "locked": {
        "lastModified": 1767300658,
        "owner": "datakurre",
        "repo": "devenv-module-devcontainer",
        "rev": "3894066fb330df796c8da9a55c2d62afc0fbdca8",
        "type": "github"
      },
      "original": {
        "owner": "datakurre",
        "repo": "devenv-module-devcontainer",
        "type": "github"
      }
    },
    "devenv-module-mvn2nix": {
      "flake": false,
      "locked": {
        "lastModified": 1767793238,
        "owner": "vasara-bpm",
        "repo": "devenv-module-mvn2nix",
        "rev": "4a92ba94ee696eda9f7c4650d99bcb66a475698b",
        "type": "gitlab"
      },
      "original": {
        "owner": "vasara-bpm",
        "repo": "devenv-module-mvn2nix",
        "type": "gitlab"
      }
    },
    "devenv-module-operaton": {
      "flake": false,
      "locked": {
        "lastModified": 1768160984,
        "owner": "vasara-bpm",
        "repo": "devenv-module-operaton",
        "rev": "0ac0c1dfef0b637fad0389b4387beb43dd57bb99",
        "type": "gitlab"
      },
      "original": {
        "owner": "vasara-bpm",
        "repo": "devenv-module-operaton",
        "type": "gitlab"
      }
    },
    "flake-compat": {
      "flake": false,
      "locked": {
        "lastModified": 1767039857,
        "owner": "NixOS",
        "repo": "flake-compat",
        "rev": "5edf11c44bc78a0d334f6334cdaf7d60d732daab",
        "type": "github"
      },
      "original": {
        "owner": "NixOS",
        "repo": "flake-compat",
        "type": "github"
      }
    },
    "git-hooks": {
      "inputs": {
        "flake-compat": "flake-compat",
        "gitignore": "gitignore",
        "nixpkgs": [
          "nixpkgs"
        ]
      },
      "locked": {
        "lastModified": 1767281941,
        "owner": "cachix",
        "repo": "git-hooks.nix",
        "rev": "f0927703b7b1c8d97511c4116eb9b4ec6645a0fa",
        "type": "github"
      },
      "original": {
        "owner": "cachix",
        "repo": "git-hooks.nix",
        "type": "github"
      }
    },
    "gitignore": {
      "inputs": {
        "nixpkgs": [
          "git-hooks",
          "nixpkgs"
        ]
      },
      "locked": {
        "lastModified": 1762808025,
        "owner": "hercules-ci",
        "repo": "gitignore.nix",
        "rev": "cb5e3fdca1de58ccbc3ef53de65bd372b48f567c",
        "type": "github"
      },
      "original": {
        "owner": "hercules-ci",
        "repo": "gitignore.nix",
        "type": "github"
      }
    },
    "mvn2nix": {
      "inputs": {
        "nixpkgs": "nixpkgs",
        "utils": "utils"
      },
      "locked": {
        "lastModified": 1733432698,
        "owner": "vasara-bpm",
        "repo": "mvn2nix",
        "rev": "19b9ed3b403b1da02650587f6b1fc74381446b1e",
        "type": "gitlab"
      },
      "original": {
        "owner": "vasara-bpm",
        "repo": "mvn2nix",
        "type": "gitlab"
      }
    },
    "nixpkgs": {
      "locked": {
        "lastModified": 1767892417,
        "owner": "NixOS",
        "repo": "nixpkgs",
        "rev": "3497aa5c9457a9d88d71fa93a4a8368816fbeeba",
        "type": "github"
      },
      "original": {
        "owner": "NixOS",
        "ref": "nixos-unstable",
        "repo": "nixpkgs",
        "type": "github"
      }
    },
    "nixpkgs_2": {
      "locked": {
        "lastModified": 1768028080,
        "owner": "nixos",
        "repo": "nixpkgs",
        "rev": "d03088749a110d52a4739348f39a63f84bb0be14",
        "type": "github"
      },
      "original": {
        "owner": "nixos",
        "ref": "nixos-25.11",
        "repo": "nixpkgs",
        "type": "github"
      }
    },
    "root": {
      "inputs": {
        "devenv": "devenv",
        "devenv-module-devcontainer": "devenv-module-devcontainer",
        "devenv-module-mvn2nix": "devenv-module-mvn2nix",
        "devenv-module-operaton": "devenv-module-operaton",
        "git-hooks": "git-hooks",
        "mvn2nix": "mvn2nix",
        "nixpkgs": "nixpkgs_2",
        "pre-commit-hooks": [
          "git-hooks"
        ]
      }
    },
    "systems": {
      "locked": {
        "lastModified": 1681028828,
        "owner": "nix-systems",
        "repo": "default",
        "rev": "da67096a3b9bf56a91d16901293e51ba5b49a27e",
        "type": "github"
      },
      "original": {
        "owner": "nix-systems",
        "repo": "default",
        "type": "github"
      }
    },
    "utils": {
      "inputs": {
        "systems": "systems"
      },
      "locked": {
        "lastModified": 1731533236,
        "owner": "numtide",
        "repo": "flake-utils",
        "rev": "11707dc2f618dd54ca8739b309ec4fc024de578b",
        "type": "github"
      },
      "original": {
        "owner": "numtide",
        "repo": "flake-utils",
        "type": "github"
      }
    }
  },
  "root": "root",
  "version": 7
}
